
Microsoft Visual Studio Solution File, Format Version 12.00
# Visual Studio 15
VisualStudioVersion = 15.0.27703.2035
MinimumVisualStudioVersion = 10.0.40219.1
Project("{FAE04EC0-301F-11D3-BF4B-00C04F79EFBC}") = "NGA.Web", "NGA.Web\NGA.Web.csproj", "{8588F53F-61CD-4A0B-9894-9D76E90D7B86}"
EndProject
Global
	GlobalSection(SolutionConfigurationPlatforms) = preSolution
		Debug|Any CPU = Debug|Any CPU
		Release|Any CPU = Release|Any CPU
	EndGlobalSection
	GlobalSection(ProjectConfigurationPlatforms) = postSolution
		{8588F53F-61CD-4A0B-9894-9D76E90D7B86}.Debug|Any CPU.ActiveCfg = Debug|Any CPU
		{8588F53F-61CD-4A0B-9894-9D76E90D7B86}.Debug|Any CPU.Build.0 = Debug|Any CPU
		{8588F53F-61CD-4A0B-9894-9D76E90D7B86}.Release|Any CPU.ActiveCfg = Release|Any CPU
		{8588F53F-61CD-4A0B-9894-9D76E90D7B86}.Release|Any CPU.Build.0 = Release|Any CPU
	EndGlobalSection
	GlobalSection(SolutionProperties) = preSolution
		HideSolutionNode = FALSE
	EndGlobalSection
	GlobalSection(ExtensibilityGlobals) = postSolution
		SolutionGuid = {95D89EDE-1B97-4182-8F32-D65CE25E3102}
	EndGlobalSection
EndGlobal
